
Microsoft Visual Studio Solution File, Format Version 12.00
# Visual Studio 2012
Project("{F2A71F9B-5D33-465A-A702-920D77279786}") = "IntersectOfRectng", "IntersectOfRectng\IntersectOfRectng.fsproj", "{9B13A1A8-E7FA-4A11-9C2C-EBD4EA60002F}"
EndProject
Project("{F2A71F9B-5D33-465A-A702-920D77279786}") = "IntersectTests", "IntersectTests\IntersectTests.fsproj", "{AAD3271D-5465-4803-A414-7A7A0C582965}"
EndProject
Project("{F2A71F9B-5D33-465A-A702-920D77279786}") = "GUI", "GUI\GUI.fsproj", "{8E2D1546-0B75-438B-8387-6889876D18D9}"
EndProject
Global
	GlobalSection(SolutionConfigurationPlatforms) = preSolution
		Debug|Any CPU = Debug|Any CPU
		Release|Any CPU = Release|Any CPU
	EndGlobalSection
	GlobalSection(ProjectConfigurationPlatforms) = postSolution
		{9B13A1A8-E7FA-4A11-9C2C-EBD4EA60002F}.Debug|Any CPU.ActiveCfg = Debug|Any CPU
		{9B13A1A8-E7FA-4A11-9C2C-EBD4EA60002F}.Debug|Any CPU.Build.0 = Debug|Any CPU
		{9B13A1A8-E7FA-4A11-9C2C-EBD4EA60002F}.Release|Any CPU.ActiveCfg = Release|Any CPU
		{9B13A1A8-E7FA-4A11-9C2C-EBD4EA60002F}.Release|Any CPU.Build.0 = Release|Any CPU
		{AAD3271D-5465-4803-A414-7A7A0C582965}.Debug|Any CPU.ActiveCfg = Debug|Any CPU
		{AAD3271D-5465-4803-A414-7A7A0C582965}.Debug|Any CPU.Build.0 = Debug|Any CPU
		{AAD3271D-5465-4803-A414-7A7A0C582965}.Release|Any CPU.ActiveCfg = Release|Any CPU
		{AAD3271D-5465-4803-A414-7A7A0C582965}.Release|Any CPU.Build.0 = Release|Any CPU
		{8E2D1546-0B75-438B-8387-6889876D18D9}.Debug|Any CPU.ActiveCfg = Debug|Any CPU
		{8E2D1546-0B75-438B-8387-6889876D18D9}.Debug|Any CPU.Build.0 = Debug|Any CPU
		{8E2D1546-0B75-438B-8387-6889876D18D9}.Release|Any CPU.ActiveCfg = Release|Any CPU
		{8E2D1546-0B75-438B-8387-6889876D18D9}.Release|Any CPU.Build.0 = Release|Any CPU
	EndGlobalSection
	GlobalSection(SolutionProperties) = preSolution
		HideSolutionNode = FALSE
	EndGlobalSection
EndGlobal
