
Microsoft Visual Studio Solution File, Format Version 12.00
# Visual Studio 2012
Project("{F2A71F9B-5D33-465A-A702-920D77279786}") = "Hexic", "Hexic\Hexic.fsproj", "{6169550D-287C-4E31-8F4A-EC824DF7B1B2}"
EndProject
Global
	GlobalSection(SolutionConfigurationPlatforms) = preSolution
		Debug|Any CPU = Debug|Any CPU
		Release|Any CPU = Release|Any CPU
	EndGlobalSection
	GlobalSection(ProjectConfigurationPlatforms) = postSolution
		{6169550D-287C-4E31-8F4A-EC824DF7B1B2}.Debug|Any CPU.ActiveCfg = Debug|Any CPU
		{6169550D-287C-4E31-8F4A-EC824DF7B1B2}.Debug|Any CPU.Build.0 = Debug|Any CPU
		{6169550D-287C-4E31-8F4A-EC824DF7B1B2}.Release|Any CPU.ActiveCfg = Release|Any CPU
		{6169550D-287C-4E31-8F4A-EC824DF7B1B2}.Release|Any CPU.Build.0 = Release|Any CPU
	EndGlobalSection
	GlobalSection(SolutionProperties) = preSolution
		HideSolutionNode = FALSE
	EndGlobalSection
EndGlobal
